
Microsoft Visual Studio Solution File, Format Version 12.00
# Visual Studio 15
VisualStudioVersion = 15.0.28010.2026
MinimumVisualStudioVersion = 10.0.40219.1
Project("{FAE04EC0-301F-11D3-BF4B-00C04F79EFBC}") = "GraphicsLab7", "GraphicsLab7\GraphicsLab7.csproj", "{80698EAC-9929-46F1-AD87-68C9D7E5644C}"
EndProject
Global
	GlobalSection(SolutionConfigurationPlatforms) = preSolution
		Debug|Any CPU = Debug|Any CPU
		Release|Any CPU = Release|Any CPU
	EndGlobalSection
	GlobalSection(ProjectConfigurationPlatforms) = postSolution
		{80698EAC-9929-46F1-AD87-68C9D7E5644C}.Debug|Any CPU.ActiveCfg = Debug|Any CPU
		{80698EAC-9929-46F1-AD87-68C9D7E5644C}.Debug|Any CPU.Build.0 = Debug|Any CPU
		{80698EAC-9929-46F1-AD87-68C9D7E5644C}.Release|Any CPU.ActiveCfg = Release|Any CPU
		{80698EAC-9929-46F1-AD87-68C9D7E5644C}.Release|Any CPU.Build.0 = Release|Any CPU
	EndGlobalSection
	GlobalSection(SolutionProperties) = preSolution
		HideSolutionNode = FALSE
	EndGlobalSection
	GlobalSection(ExtensibilityGlobals) = postSolution
		SolutionGuid = {7297E4C9-8BA7-4782-BE78-77D1BCE87650}
	EndGlobalSection
EndGlobal
